
Microsoft Visual Studio Solution File, Format Version 12.00
# Visual Studio Version 17
VisualStudioVersion = 17.6.33829.357
MinimumVisualStudioVersion = 10.0.40219.1
Project("{FAE04EC0-301F-11D3-BF4B-00C04F79EFBC}") = "Time", "Time\Time.csproj", "{30F6FB03-5BBF-4F78-BD18-78C9264164F4}"
EndProject
Global
	GlobalSection(SolutionConfigurationPlatforms) = preSolution
		Debug|Any CPU = Debug|Any CPU
		Release|Any CPU = Release|Any CPU
	EndGlobalSection
	GlobalSection(ProjectConfigurationPlatforms) = postSolution
		{30F6FB03-5BBF-4F78-BD18-78C9264164F4}.Debug|Any CPU.ActiveCfg = Debug|Any CPU
		{30F6FB03-5BBF-4F78-BD18-78C9264164F4}.Debug|Any CPU.Build.0 = Debug|Any CPU
		{30F6FB03-5BBF-4F78-BD18-78C9264164F4}.Release|Any CPU.ActiveCfg = Release|Any CPU
		{30F6FB03-5BBF-4F78-BD18-78C9264164F4}.Release|Any CPU.Build.0 = Release|Any CPU
	EndGlobalSection
	GlobalSection(SolutionProperties) = preSolution
		HideSolutionNode = FALSE
	EndGlobalSection
	GlobalSection(ExtensibilityGlobals) = postSolution
		SolutionGuid = {B3CB0985-B5A9-4625-8F33-6F053BAF51C4}
	EndGlobalSection
EndGlobal
